
Microsoft Visual Studio Solution File, Format Version 12.00
# Visual Studio Version 16
VisualStudioVersion = 16.0.31702.278
MinimumVisualStudioVersion = 10.0.40219.1
Project("{9A19103F-16F7-4668-BE54-9A1E7A4F7556}") = "StackQueueProblem", "StackProblem\StackQueueProblem.csproj", "{1F37DC8C-52B8-4047-B1E7-2717781804DD}"
EndProject
Global
	GlobalSection(SolutionConfigurationPlatforms) = preSolution
		Debug|Any CPU = Debug|Any CPU
		Release|Any CPU = Release|Any CPU
	EndGlobalSection
	GlobalSection(ProjectConfigurationPlatforms) = postSolution
		{1F37DC8C-52B8-4047-B1E7-2717781804DD}.Debug|Any CPU.ActiveCfg = Debug|Any CPU
		{1F37DC8C-52B8-4047-B1E7-2717781804DD}.Debug|Any CPU.Build.0 = Debug|Any CPU
		{1F37DC8C-52B8-4047-B1E7-2717781804DD}.Release|Any CPU.ActiveCfg = Release|Any CPU
		{1F37DC8C-52B8-4047-B1E7-2717781804DD}.Release|Any CPU.Build.0 = Release|Any CPU
	EndGlobalSection
	GlobalSection(SolutionProperties) = preSolution
		HideSolutionNode = FALSE
	EndGlobalSection
	GlobalSection(ExtensibilityGlobals) = postSolution
		SolutionGuid = {AA8130DD-7A50-4621-B2C3-186F3EEF7185}
	EndGlobalSection
EndGlobal
