
Microsoft Visual Studio Solution File, Format Version 12.00
# Visual Studio Version 16
VisualStudioVersion = 16.0.31702.278
MinimumVisualStudioVersion = 10.0.40219.1
Project("{FAE04EC0-301F-11D3-BF4B-00C04F79EFBC}") = "LinkeListProblem", "LinkeListProblem\LinkeListProblem.csproj", "{1A71BF62-A17C-4700-A373-100F4BB9790B}"
EndProject
Global
	GlobalSection(SolutionConfigurationPlatforms) = preSolution
		Debug|Any CPU = Debug|Any CPU
		Release|Any CPU = Release|Any CPU
	EndGlobalSection
	GlobalSection(ProjectConfigurationPlatforms) = postSolution
		{1A71BF62-A17C-4700-A373-100F4BB9790B}.Debug|Any CPU.ActiveCfg = Debug|Any CPU
		{1A71BF62-A17C-4700-A373-100F4BB9790B}.Debug|Any CPU.Build.0 = Debug|Any CPU
		{1A71BF62-A17C-4700-A373-100F4BB9790B}.Release|Any CPU.ActiveCfg = Release|Any CPU
		{1A71BF62-A17C-4700-A373-100F4BB9790B}.Release|Any CPU.Build.0 = Release|Any CPU
	EndGlobalSection
	GlobalSection(SolutionProperties) = preSolution
		HideSolutionNode = FALSE
	EndGlobalSection
	GlobalSection(ExtensibilityGlobals) = postSolution
		SolutionGuid = {202D826E-D74B-4021-8831-605B347331A7}
	EndGlobalSection
EndGlobal
